// !$*UTF8*$!
{
	archiveVersion = 1;
	classes = {
	};
	objectVersion = 56;
	objects = {

/* Begin PBXBuildFile section */
		16D7DA6021C4DFD42071721A /* libPods-Clima.a in Frameworks */ = {isa = PBXBuildFile; fileRef = 32230F75E2390EBEEF295693 /* libPods-Clima.a */; };
		BC58E5F22957FE0700AB543A /* AppDelegate.swift in Sources */ = {isa = PBXBuildFile; fileRef = BC58E5F12957FE0700AB543A /* AppDelegate.swift */; };
		BC58E5F42957FE0700AB543A /* SceneDelegate.swift in Sources */ = {isa = PBXBuildFile; fileRef = BC58E5F32957FE0700AB543A /* SceneDelegate.swift */; };
		BC58E5F92957FE0700AB543A /* Main.storyboard in Resources */ = {isa = PBXBuildFile; fileRef = BC58E5F72957FE0700AB543A /* Main.storyboard */; };
		BC58E5FB2957FE0800AB543A /* Assets.xcassets in Resources */ = {isa = PBXBuildFile; fileRef = BC58E5FA2957FE0800AB543A /* Assets.xcassets */; };
		BC58E5FE2957FE0800AB543A /* LaunchScreen.storyboard in Resources */ = {isa = PBXBuildFile; fileRef = BC58E5FC2957FE0800AB543A /* LaunchScreen.storyboard */; };
		BC58E6102957FEEB00AB543A /* dark_background.pdf in Resources */ = {isa = PBXBuildFile; fileRef = BC58E60F2957FEEB00AB543A /* dark_background.pdf */; };
		BC58E6122957FEEF00AB543A /* light_background.pdf in Resources */ = {isa = PBXBuildFile; fileRef = BC58E6112957FEEF00AB543A /* light_background.pdf */; };
		BC58E6142957FF4F00AB543A /* WeatherViewController.swift in Sources */ = {isa = PBXBuildFile; fileRef = BC58E6132957FF4F00AB543A /* WeatherViewController.swift */; };
		BCC0C70A295962BF007DBC07 /* Weather.swift in Sources */ = {isa = PBXBuildFile; fileRef = BCC0C709295962BF007DBC07 /* Weather.swift */; };
/* End PBXBuildFile section */

/* Begin PBXFileReference section */
		32230F75E2390EBEEF295693 /* libPods-Clima.a */ = {isa = PBXFileReference; explicitFileType = archive.ar; includeInIndex = 0; path = "libPods-Clima.a"; sourceTree = BUILT_PRODUCTS_DIR; };
		5096A80A7584A29634EDDFAC /* Pods-Clima.debug.xcconfig */ = {isa = PBXFileReference; includeInIndex = 1; lastKnownFileType = text.xcconfig; name = "Pods-Clima.debug.xcconfig"; path = "Target Support Files/Pods-Clima/Pods-Clima.debug.xcconfig"; sourceTree = "<group>"; };
		7971EB5DD8051A135C154B61 /* Pods-Clima.release.xcconfig */ = {isa = PBXFileReference; includeInIndex = 1; lastKnownFileType = text.xcconfig; name = "Pods-Clima.release.xcconfig"; path = "Target Support Files/Pods-Clima/Pods-Clima.release.xcconfig"; sourceTree = "<group>"; };
		BC58E5EE2957FE0700AB543A /* Clima.app */ = {isa = PBXFileReference; explicitFileType = wrapper.application; includeInIndex = 0; path = Clima.app; sourceTree = BUILT_PRODUCTS_DIR; };
		BC58E5F12957FE0700AB543A /* AppDelegate.swift */ = {isa = PBXFileReference; lastKnownFileType = sourcecode.swift; path = AppDelegate.swift; sourceTree = "<group>"; };
		BC58E5F32957FE0700AB543A /* SceneDelegate.swift */ = {isa = PBXFileReference; lastKnownFileType = sourcecode.swift; path = SceneDelegate.swift; sourceTree = "<group>"; };
		BC58E5F82957FE0700AB543A /* Base */ = {isa = PBXFileReference; lastKnownFileType = file.storyboard; name = Base; path = Base.lproj/Main.storyboard; sourceTree = "<group>"; };
		BC58E5FA2957FE0800AB543A /* Assets.xcassets */ = {isa = PBXFileReference; lastKnownFileType = folder.assetcatalog; path = Assets.xcassets; sourceTree = "<group>"; };
		BC58E5FD2957FE0800AB543A /* Base */ = {isa = PBXFileReference; lastKnownFileType = file.storyboard; name = Base; path = Base.lproj/LaunchScreen.storyboard; sourceTree = "<group>"; };
		BC58E5FF2957FE0800AB543A /* Info.plist */ = {isa = PBXFileReference; lastKnownFileType = text.plist.xml; path = Info.plist; sourceTree = "<group>"; };
		BC58E60F2957FEEB00AB543A /* dark_background.pdf */ = {isa = PBXFileReference; lastKnownFileType = image.pdf; path = dark_background.pdf; sourceTree = "<group>"; };
		BC58E6112957FEEF00AB543A /* light_background.pdf */ = {isa = PBXFileReference; lastKnownFileType = image.pdf; path = light_background.pdf; sourceTree = "<group>"; };
		BC58E6132957FF4F00AB543A /* WeatherViewController.swift */ = {isa = PBXFileReference; lastKnownFileType = sourcecode.swift; path = WeatherViewController.swift; sourceTree = "<group>"; };
		BCC0C709295962BF007DBC07 /* Weather.swift */ = {isa = PBXFileReference; lastKnownFileType = sourcecode.swift; path = Weather.swift; sourceTree = "<group>"; };
/* End PBXFileReference section */

/* Begin PBXFrameworksBuildPhase section */
		BC58E5EB2957FE0700AB543A /* Frameworks */ = {
			isa = PBXFrameworksBuildPhase;
			buildActionMask = 2147483647;
			files = (
				16D7DA6021C4DFD42071721A /* libPods-Clima.a in Frameworks */,
			);
			runOnlyForDeploymentPostprocessing = 0;
		};
/* End PBXFrameworksBuildPhase section */

/* Begin PBXGroup section */
		61D5290592580E2F83F57AF5 /* Frameworks */ = {
			isa = PBXGroup;
			children = (
				32230F75E2390EBEEF295693 /* libPods-Clima.a */,
			);
			name = Frameworks;
			sourceTree = "<group>";
		};
		BAAF47819246F54B8A962750 /* Pods */ = {
			isa = PBXGroup;
			children = (
				5096A80A7584A29634EDDFAC /* Pods-Clima.debug.xcconfig */,
				7971EB5DD8051A135C154B61 /* Pods-Clima.release.xcconfig */,
			);
			path = Pods;
			sourceTree = "<group>";
		};
		BC58E5E52957FE0700AB543A = {
			isa = PBXGroup;
			children = (
				BC58E5F02957FE0700AB543A /* Clima */,
				BC58E5EF2957FE0700AB543A /* Products */,
				BAAF47819246F54B8A962750 /* Pods */,
				61D5290592580E2F83F57AF5 /* Frameworks */,
			);
			sourceTree = "<group>";
		};
		BC58E5EF2957FE0700AB543A /* Products */ = {
			isa = PBXGroup;
			children = (
				BC58E5EE2957FE0700AB543A /* Clima.app */,
			);
			name = Products;
			sourceTree = "<group>";
		};
		BC58E5F02957FE0700AB543A /* Clima */ = {
			isa = PBXGroup;
			children = (
				BC58E5F12957FE0700AB543A /* AppDelegate.swift */,
				BC58E5F32957FE0700AB543A /* SceneDelegate.swift */,
				BCC0C70C29596BFC007DBC07 /* Controller */,
				BCC0C70D29596C01007DBC07 /* View */,
				BC58E5FA2957FE0800AB543A /* Assets.xcassets */,
				BC58E5FC2957FE0800AB543A /* LaunchScreen.storyboard */,
				BC58E5FF2957FE0800AB543A /* Info.plist */,
				BC58E60F2957FEEB00AB543A /* dark_background.pdf */,
				BC58E6112957FEEF00AB543A /* light_background.pdf */,
				BCC0C70B29596BF6007DBC07 /* Model */,
			);
			path = Clima;
			sourceTree = "<group>";
		};
		BCC0C70B29596BF6007DBC07 /* Model */ = {
			isa = PBXGroup;
			children = (
				BCC0C709295962BF007DBC07 /* Weather.swift */,
			);
			path = Model;
			sourceTree = "<group>";
		};
		BCC0C70C29596BFC007DBC07 /* Controller */ = {
			isa = PBXGroup;
			children = (
				BC58E6132957FF4F00AB543A /* WeatherViewController.swift */,
			);
			path = Controller;
			sourceTree = "<group>";
		};
		BCC0C70D29596C01007DBC07 /* View */ = {
			isa = PBXGroup;
			children = (
				BC58E5F72957FE0700AB543A /* Main.storyboard */,
			);
			path = View;
			sourceTree = "<group>";
		};
/* End PBXGroup section */

/* Begin PBXNativeTarget section */
		BC58E5ED2957FE0700AB543A /* Clima */ = {
			isa = PBXNativeTarget;
			buildConfigurationList = BC58E6022957FE0800AB543A /* Build configuration list for PBXNativeTarget "Clima" */;
			buildPhases = (
				01236B1FF9C6ECDEFE463B07 /* [CP] Check Pods Manifest.lock */,
				BC58E5EA2957FE0700AB543A /* Sources */,
				BC58E5EB2957FE0700AB543A /* Frameworks */,
				BC58E5EC2957FE0700AB543A /* Resources */,
			);
			buildRules = (
			);
			dependencies = (
			);
			name = Clima;
			productName = Clima;
			productReference = BC58E5EE2957FE0700AB543A /* Clima.app */;
			productType = "com.apple.product-type.application";
		};
/* End PBXNativeTarget section */

/* Begin PBXProject section */
		BC58E5E62957FE0700AB543A /* Project object */ = {
			isa = PBXProject;
			attributes = {
				BuildIndependentTargetsInParallel = 1;
				LastSwiftUpdateCheck = 1420;
				LastUpgradeCheck = 1420;
				TargetAttributes = {
					BC58E5ED2957FE0700AB543A = {
						CreatedOnToolsVersion = 14.2;
					};
				};
			};
			buildConfigurationList = BC58E5E92957FE0700AB543A /* Build configuration list for PBXProject "Clima" */;
			compatibilityVersion = "Xcode 14.0";
			developmentRegion = en;
			hasScannedForEncodings = 0;
			knownRegions = (
				en,
				Base,
			);
			mainGroup = BC58E5E52957FE0700AB543A;
			productRefGroup = BC58E5EF2957FE0700AB543A /* Products */;
			projectDirPath = "";
			projectRoot = "";
			targets = (
				BC58E5ED2957FE0700AB543A /* Clima */,
			);
		};
/* End PBXProject section */

/* Begin PBXResourcesBuildPhase section */
		BC58E5EC2957FE0700AB543A /* Resources */ = {
			isa = PBXResourcesBuildPhase;
			buildActionMask = 2147483647;
			files = (
				BC58E6122957FEEF00AB543A /* light_background.pdf in Resources */,
				BC58E6102957FEEB00AB543A /* dark_background.pdf in Resources */,
				BC58E5FE2957FE0800AB543A /* LaunchScreen.storyboard in Resources */,
				BC58E5FB2957FE0800AB543A /* Assets.xcassets in Resources */,
				BC58E5F92957FE0700AB543A /* Main.storyboard in Resources */,
			);
			runOnlyForDeploymentPostprocessing = 0;
		};
/* End PBXResourcesBuildPhase section */

/* Begin PBXShellScriptBuildPhase section */
		01236B1FF9C6ECDEFE463B07 /* [CP] Check Pods Manifest.lock */ = {
			isa = PBXShellScriptBuildPhase;
			buildActionMask = 2147483647;
			files = (
			);
			inputFileListPaths = (
			);
			inputPaths = (
				"${PODS_PODFILE_DIR_PATH}/Podfile.lock",
				"${PODS_ROOT}/Manifest.lock",
			);
			name = "[CP] Check Pods Manifest.lock";
			outputFileListPaths = (
			);
			outputPaths = (
				"$(DERIVED_FILE_DIR)/Pods-Clima-checkManifestLockResult.txt",
			);
			runOnlyForDeploymentPostprocessing = 0;
			shellPath = /bin/sh;
			shellScript = "diff \"${PODS_PODFILE_DIR_PATH}/Podfile.lock\" \"${PODS_ROOT}/Manifest.lock\" > /dev/null\nif [ $? != 0 ] ; then\n    # print error to STDERR\n    echo \"error: The sandbox is not in sync with the Podfile.lock. Run 'pod install' or update your CocoaPods installation.\" >&2\n    exit 1\nfi\n# This output is used by Xcode 'outputs' to avoid re-running this script phase.\necho \"SUCCESS\" > \"${SCRIPT_OUTPUT_FILE_0}\"\n";
			showEnvVarsInLog = 0;
		};
/* End PBXShellScriptBuildPhase section */

/* Begin PBXSourcesBuildPhase section */
		BC58E5EA2957FE0700AB543A /* Sources */ = {
			isa = PBXSourcesBuildPhase;
			buildActionMask = 2147483647;
			files = (
				BCC0C70A295962BF007DBC07 /* Weather.swift in Sources */,
				BC58E6142957FF4F00AB543A /* WeatherViewController.swift in Sources */,
				BC58E5F22957FE0700AB543A /* AppDelegate.swift in Sources */,
				BC58E5F42957FE0700AB543A /* SceneDelegate.swift in Sources */,
			);
			runOnlyForDeploymentPostprocessing = 0;
		};
/* End PBXSourcesBuildPhase section */

/* Begin PBXVariantGroup section */
		BC58E5F72957FE0700AB543A /* Main.storyboard */ = {
			isa = PBXVariantGroup;
			children = (
				BC58E5F82957FE0700AB543A /* Base */,
			);
			name = Main.storyboard;
			sourceTree = "<group>";
		};
		BC58E5FC2957FE0800AB543A /* LaunchScreen.storyboard */ = {
			isa = PBXVariantGroup;
			children = (
				BC58E5FD2957FE0800AB543A /* Base */,
			);
			name = LaunchScreen.storyboard;
			sourceTree = "<group>";
		};
/* End PBXVariantGroup section */

/* Begin XCBuildConfiguration section */
		BC58E6002957FE0800AB543A /* Debug */ = {
			isa = XCBuildConfiguration;
			buildSettings = {
				ALWAYS_SEARCH_USER_PATHS = NO;
				CLANG_ANALYZER_NONNULL = YES;
				CLANG_ANALYZER_NUMBER_OBJECT_CONVERSION = YES_AGGRESSIVE;
				CLANG_CXX_LANGUAGE_STANDARD = "gnu++20";
				CLANG_ENABLE_MODULES = YES;
				CLANG_ENABLE_OBJC_ARC = YES;
				CLANG_ENABLE_OBJC_WEAK = YES;
				CLANG_WARN_BLOCK_CAPTURE_AUTORELEASING = YES;
				CLANG_WARN_BOOL_CONVERSION = YES;
				CLANG_WARN_COMMA = YES;
				CLANG_WARN_CONSTANT_CONVERSION = YES;
				CLANG_WARN_DEPRECATED_OBJC_IMPLEMENTATIONS = YES;
				CLANG_WARN_DIRECT_OBJC_ISA_USAGE = YES_ERROR;
				CLANG_WARN_DOCUMENTATION_COMMENTS = YES;
				CLANG_WARN_EMPTY_BODY = YES;
				CLANG_WARN_ENUM_CONVERSION = YES;
				CLANG_WARN_INFINITE_RECURSION = YES;
				CLANG_WARN_INT_CONVERSION = YES;
				CLANG_WARN_NON_LITERAL_NULL_CONVERSION = YES;
				CLANG_WARN_OBJC_IMPLICIT_RETAIN_SELF = YES;
				CLANG_WARN_OBJC_LITERAL_CONVERSION = YES;
				CLANG_WARN_OBJC_ROOT_CLASS = YES_ERROR;
				CLANG_WARN_QUOTED_INCLUDE_IN_FRAMEWORK_HEADER = YES;
				CLANG_WARN_RANGE_LOOP_ANALYSIS = YES;
				CLANG_WARN_STRICT_PROTOTYPES = YES;
				CLANG_WARN_SUSPICIOUS_MOVE = YES;
				CLANG_WARN_UNGUARDED_AVAILABILITY = YES_AGGRESSIVE;
				CLANG_WARN_UNREACHABLE_CODE = YES;
				CLANG_WARN__DUPLICATE_METHOD_MATCH = YES;
				COPY_PHASE_STRIP = NO;
				DEBUG_INFORMATION_FORMAT = dwarf;
				ENABLE_STRICT_OBJC_MSGSEND = YES;
				ENABLE_TESTABILITY = YES;
				GCC_C_LANGUAGE_STANDARD = gnu11;
				GCC_DYNAMIC_NO_PIC = NO;
				GCC_NO_COMMON_BLOCKS = YES;
				GCC_OPTIMIZATION_LEVEL = 0;
				GCC_PREPROCESSOR_DEFINITIONS = (
					"DEBUG=1",
					"$(inherited)",
				);
				GCC_WARN_64_TO_32_BIT_CONVERSION = YES;
				GCC_WARN_ABOUT_RETURN_TYPE = YES_ERROR;
				GCC_WARN_UNDECLARED_SELECTOR = YES;
				GCC_WARN_UNINITIALIZED_AUTOS = YES_AGGRESSIVE;
				GCC_WARN_UNUSED_FUNCTION = YES;
				GCC_WARN_UNUSED_VARIABLE = YES;
				IPHONEOS_DEPLOYMENT_TARGET = 16.2;
				MTL_ENABLE_DEBUG_INFO = INCLUDE_SOURCE;
				MTL_FAST_MATH = YES;
				ONLY_ACTIVE_ARCH = YES;
				SDKROOT = iphoneos;
				SWIFT_ACTIVE_COMPILATION_CONDITIONS = DEBUG;
				SWIFT_OPTIMIZATION_LEVEL = "-Onone";
			};
			name = Debug;
		};
		BC58E6012957FE0800AB543A /* Release */ = {
			isa = XCBuildConfiguration;
			buildSettings = {
				ALWAYS_SEARCH_USER_PATHS = NO;
				CLANG_ANALYZER_NONNULL = YES;
				CLANG_ANALYZER_NUMBER_OBJECT_CONVERSION = YES_AGGRESSIVE;
				CLANG_CXX_LANGUAGE_STANDARD = "gnu++20";
				CLANG_ENABLE_MODULES = YES;
				CLANG_ENABLE_OBJC_ARC = YES;
				CLANG_ENABLE_OBJC_WEAK = YES;
				CLANG_WARN_BLOCK_CAPTURE_AUTORELEASING = YES;
				CLANG_WARN_BOOL_CONVERSION = YES;
				CLANG_WARN_COMMA = YES;
				CLANG_WARN_CONSTANT_CONVERSION = YES;
				CLANG_WARN_DEPRECATED_OBJC_IMPLEMENTATIONS = YES;
				CLANG_WARN_DIRECT_OBJC_ISA_USAGE = YES_ERROR;
				CLANG_WARN_DOCUMENTATION_COMMENTS = YES;
				CLANG_WARN_EMPTY_BODY = YES;
				CLANG_WARN_ENUM_CONVERSION = YES;
				CLANG_WARN_INFINITE_RECURSION = YES;
				CLANG_WARN_INT_CONVERSION = YES;
				CLANG_WARN_NON_LITERAL_NULL_CONVERSION = YES;
				CLANG_WARN_OBJC_IMPLICIT_RETAIN_SELF = YES;
				CLANG_WARN_OBJC_LITERAL_CONVERSION = YES;
				CLANG_WARN_OBJC_ROOT_CLASS = YES_ERROR;
				CLANG_WARN_QUOTED_INCLUDE_IN_FRAMEWORK_HEADER = YES;
				CLANG_WARN_RANGE_LOOP_ANALYSIS = YES;
				CLANG_WARN_STRICT_PROTOTYPES = YES;
				CLANG_WARN_SUSPICIOUS_MOVE = YES;
				CLANG_WARN_UNGUARDED_AVAILABILITY = YES_AGGRESSIVE;
				CLANG_WARN_UNREACHABLE_CODE = YES;
				CLANG_WARN__DUPLICATE_METHOD_MATCH = YES;
				COPY_PHASE_STRIP = NO;
				DEBUG_INFORMATION_FORMAT = "dwarf-with-dsym";
				ENABLE_NS_ASSERTIONS = NO;
				ENABLE_STRICT_OBJC_MSGSEND = YES;
				GCC_C_LANGUAGE_STANDARD = gnu11;
				GCC_NO_COMMON_BLOCKS = YES;
				GCC_WARN_64_TO_32_BIT_CONVERSION = YES;
				GCC_WARN_ABOUT_RETURN_TYPE = YES_ERROR;
				GCC_WARN_UNDECLARED_SELECTOR = YES;
				GCC_WARN_UNINITIALIZED_AUTOS = YES_AGGRESSIVE;
				GCC_WARN_UNUSED_FUNCTION = YES;
				GCC_WARN_UNUSED_VARIABLE = YES;
				IPHONEOS_DEPLOYMENT_TARGET = 16.2;
				MTL_ENABLE_DEBUG_INFO = NO;
				MTL_FAST_MATH = YES;
				SDKROOT = iphoneos;
				SWIFT_COMPILATION_MODE = wholemodule;
				SWIFT_OPTIMIZATION_LEVEL = "-O";
				VALIDATE_PRODUCT = YES;
			};
			name = Release;
		};
		BC58E6032957FE0800AB543A /* Debug */ = {
			isa = XCBuildConfiguration;
			baseConfigurationReference = 5096A80A7584A29634EDDFAC /* Pods-Clima.debug.xcconfig */;
			buildSettings = {
				ASSETCATALOG_COMPILER_APPICON_NAME = AppIcon;
				ASSETCATALOG_COMPILER_GLOBAL_ACCENT_COLOR_NAME = AccentColor;
				CODE_SIGN_STYLE = Automatic;
				CURRENT_PROJECT_VERSION = 1;
				GENERATE_INFOPLIST_FILE = YES;
				INFOPLIST_FILE = Clima/Info.plist;
				INFOPLIST_KEY_UIApplicationSupportsIndirectInputEvents = YES;
				INFOPLIST_KEY_UILaunchStoryboardName = LaunchScreen;
				INFOPLIST_KEY_UIMainStoryboardFile = Main;
				INFOPLIST_KEY_UISupportedInterfaceOrientations_iPad = "UIInterfaceOrientationPortrait UIInterfaceOrientationPortraitUpsideDown UIInterfaceOrientationLandscapeLeft UIInterfaceOrientationLandscapeRight";
				INFOPLIST_KEY_UISupportedInterfaceOrientations_iPhone = "UIInterfaceOrientationPortrait UIInterfaceOrientationLandscapeLeft UIInterfaceOrientationLandscapeRight";
				LD_RUNPATH_SEARCH_PATHS = (
					"$(inherited)",
					"@executable_path/Frameworks",
				);
				MARKETING_VERSION = 1.0;
				PRODUCT_BUNDLE_IDENTIFIER = hanyang.ac.kr.Clima;
				PRODUCT_NAME = "$(TARGET_NAME)";
				SWIFT_EMIT_LOC_STRINGS = YES;
				SWIFT_VERSION = 5.0;
				TARGETED_DEVICE_FAMILY = "1,2";
			};
			name = Debug;
		};
		BC58E6042957FE0800AB543A /* Release */ = {
			isa = XCBuildConfiguration;
			baseConfigurationReference = 7971EB5DD8051A135C154B61 /* Pods-Clima.release.xcconfig */;
			buildSettings = {
				ASSETCATALOG_COMPILER_APPICON_NAME = AppIcon;
				ASSETCATALOG_COMPILER_GLOBAL_ACCENT_COLOR_NAME = AccentColor;
				CODE_SIGN_STYLE = Automatic;
				CURRENT_PROJECT_VERSION = 1;
				GENERATE_INFOPLIST_FILE = YES;
				INFOPLIST_FILE = Clima/Info.plist;
				INFOPLIST_KEY_UIApplicationSupportsIndirectInputEvents = YES;
				INFOPLIST_KEY_UILaunchStoryboardName = LaunchScreen;
				INFOPLIST_KEY_UIMainStoryboardFile = Main;
				INFOPLIST_KEY_UISupportedInterfaceOrientations_iPad = "UIInterfaceOrientationPortrait UIInterfaceOrientationPortraitUpsideDown UIInterfaceOrientationLandscapeLeft UIInterfaceOrientationLandscapeRight";
				INFOPLIST_KEY_UISupportedInterfaceOrientations_iPhone = "UIInterfaceOrientationPortrait UIInterfaceOrientationLandscapeLeft UIInterfaceOrientationLandscapeRight";
				LD_RUNPATH_SEARCH_PATHS = (
					"$(inherited)",
					"@executable_path/Frameworks",
				);
				MARKETING_VERSION = 1.0;
				PRODUCT_BUNDLE_IDENTIFIER = hanyang.ac.kr.Clima;
				PRODUCT_NAME = "$(TARGET_NAME)";
				SWIFT_EMIT_LOC_STRINGS = YES;
				SWIFT_VERSION = 5.0;
				TARGETED_DEVICE_FAMILY = "1,2";
			};
			name = Release;
		};
/* End XCBuildConfiguration section */

/* Begin XCConfigurationList section */
		BC58E5E92957FE0700AB543A /* Build configuration list for PBXProject "Clima" */ = {
			isa = XCConfigurationList;
			buildConfigurations = (
				BC58E6002957FE0800AB543A /* Debug */,
				BC58E6012957FE0800AB543A /* Release */,
			);
			defaultConfigurationIsVisible = 0;
			defaultConfigurationName = Release;
		};
		BC58E6022957FE0800AB543A /* Build configuration list for PBXNativeTarget "Clima" */ = {
			isa = XCConfigurationList;
			buildConfigurations = (
				BC58E6032957FE0800AB543A /* Debug */,
				BC58E6042957FE0800AB543A /* Release */,
			);
			defaultConfigurationIsVisible = 0;
			defaultConfigurationName = Release;
		};
/* End XCConfigurationList section */
	};
	rootObject = BC58E5E62957FE0700AB543A /* Project object */;
}
