PODS:
  - Alamofire (5.6.4)
  - GoogleMaps (6.1.0):
    - GoogleMaps/Maps (= 6.1.0)
  - GoogleMaps/Base (6.1.0)
  - GoogleMaps/Maps (6.1.0):
    - GoogleMaps/Base
  - GooglePlaces (7.3.0)
  - SwiftyJSON (5.0.1)

DEPENDENCIES:
  - Alamofire
  - GoogleMaps (= 6.1.0)
  - GooglePlaces (= 7.3.0)
  - SwiftyJSON

SPEC REPOS:
  trunk:
    - Alamofire
    - GoogleMaps
    - GooglePlaces
    - SwiftyJSON

SPEC CHECKSUMS:
  Alamofire: 4e95d97098eacb88856099c4fc79b526a299e48c
  GoogleMaps: cffc5d24ce920063aaeebe6ac4dbaaca1dd7f377
  GooglePlaces: 0609463845250bbadafa1739938181e54dece439
  SwiftyJSON: 2f33a42c6fbc52764d96f13368585094bfd8aa5e

PODFILE CHECKSUM: 9fba97500092832b92ee8c521f06cfbe6bf90133

COCOAPODS: 1.11.3
