// !$*UTF8*$!
{
	archiveVersion = 1;
	classes = {
	};
	objectVersion = 55;
	objects = {

/* Begin PBXBuildFile section */
		6BC48D0027BECC4400D59E0C /* AppDelegate.swift in Sources */ = {isa = PBXBuildFile; fileRef = 6BC48CFF27BECC4400D59E0C /* AppDelegate.swift */; };
		6BC48D0227BECC4400D59E0C /* SceneDelegate.swift in Sources */ = {isa = PBXBuildFile; fileRef = 6BC48D0127BECC4400D59E0C /* SceneDelegate.swift */; };
		6BC48D0427BECC4400D59E0C /* MainViewController.swift in Sources */ = {isa = PBXBuildFile; fileRef = 6BC48D0327BECC4400D59E0C /* MainViewController.swift */; };
		6BC48D0927BECC4500D59E0C /* Assets.xcassets in Resources */ = {isa = PBXBuildFile; fileRef = 6BC48D0827BECC4500D59E0C /* Assets.xcassets */; };
		6BC48D0C27BECC4500D59E0C /* LaunchScreen.storyboard in Resources */ = {isa = PBXBuildFile; fileRef = 6BC48D0A27BECC4500D59E0C /* LaunchScreen.storyboard */; };
		6BC48D1527BECCB600D59E0C /* SnapKit in Frameworks */ = {isa = PBXBuildFile; productRef = 6BC48D1427BECCB600D59E0C /* SnapKit */; };
		6BC48D1827BECCC800D59E0C /* Alamofire in Frameworks */ = {isa = PBXBuildFile; productRef = 6BC48D1727BECCC800D59E0C /* Alamofire */; };
		6BC48D1A27BECD7900D59E0C /* FetchWeatherData.swift in Sources */ = {isa = PBXBuildFile; fileRef = 6BC48D1927BECD7900D59E0C /* FetchWeatherData.swift */; };
		6BC48D1C27BECE1500D59E0C /* Weather.swift in Sources */ = {isa = PBXBuildFile; fileRef = 6BC48D1B27BECE1500D59E0C /* Weather.swift */; };
		6BC48D1F27BEDF7500D59E0C /* Kingfisher in Frameworks */ = {isa = PBXBuildFile; productRef = 6BC48D1E27BEDF7500D59E0C /* Kingfisher */; };
/* End PBXBuildFile section */

/* Begin PBXFileReference section */
		6BC48CFC27BECC4400D59E0C /* WeatherApp.app */ = {isa = PBXFileReference; explicitFileType = wrapper.application; includeInIndex = 0; path = WeatherApp.app; sourceTree = BUILT_PRODUCTS_DIR; };
		6BC48CFF27BECC4400D59E0C /* AppDelegate.swift */ = {isa = PBXFileReference; lastKnownFileType = sourcecode.swift; path = AppDelegate.swift; sourceTree = "<group>"; };
		6BC48D0127BECC4400D59E0C /* SceneDelegate.swift */ = {isa = PBXFileReference; lastKnownFileType = sourcecode.swift; path = SceneDelegate.swift; sourceTree = "<group>"; };
		6BC48D0327BECC4400D59E0C /* MainViewController.swift */ = {isa = PBXFileReference; lastKnownFileType = sourcecode.swift; path = MainViewController.swift; sourceTree = "<group>"; };
		6BC48D0827BECC4500D59E0C /* Assets.xcassets */ = {isa = PBXFileReference; lastKnownFileType = folder.assetcatalog; path = Assets.xcassets; sourceTree = "<group>"; };
		6BC48D0B27BECC4500D59E0C /* Base */ = {isa = PBXFileReference; lastKnownFileType = file.storyboard; name = Base; path = Base.lproj/LaunchScreen.storyboard; sourceTree = "<group>"; };
		6BC48D0D27BECC4500D59E0C /* Info.plist */ = {isa = PBXFileReference; lastKnownFileType = text.plist.xml; path = Info.plist; sourceTree = "<group>"; };
		6BC48D1927BECD7900D59E0C /* FetchWeatherData.swift */ = {isa = PBXFileReference; lastKnownFileType = sourcecode.swift; path = FetchWeatherData.swift; sourceTree = "<group>"; };
		6BC48D1B27BECE1500D59E0C /* Weather.swift */ = {isa = PBXFileReference; lastKnownFileType = sourcecode.swift; path = Weather.swift; sourceTree = "<group>"; };
		6BC48D2627BFECB900D59E0C /* README.md */ = {isa = PBXFileReference; lastKnownFileType = net.daringfireball.markdown; path = README.md; sourceTree = "<group>"; };
		6BC48D2B27BFF3A800D59E0C /* resultImage.gif */ = {isa = PBXFileReference; lastKnownFileType = image.gif; path = resultImage.gif; sourceTree = "<group>"; };
/* End PBXFileReference section */

/* Begin PBXFrameworksBuildPhase section */
		6BC48CF927BECC4400D59E0C /* Frameworks */ = {
			isa = PBXFrameworksBuildPhase;
			buildActionMask = 2147483647;
			files = (
				6BC48D1F27BEDF7500D59E0C /* Kingfisher in Frameworks */,
				6BC48D1527BECCB600D59E0C /* SnapKit in Frameworks */,
				6BC48D1827BECCC800D59E0C /* Alamofire in Frameworks */,
			);
			runOnlyForDeploymentPostprocessing = 0;
		};
/* End PBXFrameworksBuildPhase section */

/* Begin PBXGroup section */
		6BC48CF327BECC4400D59E0C = {
			isa = PBXGroup;
			children = (
				6BC48D2627BFECB900D59E0C /* README.md */,
				6BC48D2B27BFF3A800D59E0C /* resultImage.gif */,
				6BC48CFE27BECC4400D59E0C /* WeatherApp */,
				6BC48CFD27BECC4400D59E0C /* Products */,
			);
			sourceTree = "<group>";
		};
		6BC48CFD27BECC4400D59E0C /* Products */ = {
			isa = PBXGroup;
			children = (
				6BC48CFC27BECC4400D59E0C /* WeatherApp.app */,
			);
			name = Products;
			sourceTree = "<group>";
		};
		6BC48CFE27BECC4400D59E0C /* WeatherApp */ = {
			isa = PBXGroup;
			children = (
				6BC48D2727BFF14900D59E0C /* Scene */,
				6BC48D2827BFF1A200D59E0C /* Service */,
				6BC48D2A27BFF1CC00D59E0C /* Support */,
				6BC48D2927BFF1A800D59E0C /* Model */,
				6BC48D0827BECC4500D59E0C /* Assets.xcassets */,
				6BC48D0A27BECC4500D59E0C /* LaunchScreen.storyboard */,
				6BC48D0D27BECC4500D59E0C /* Info.plist */,
			);
			path = WeatherApp;
			sourceTree = "<group>";
		};
		6BC48D2727BFF14900D59E0C /* Scene */ = {
			isa = PBXGroup;
			children = (
				6BC48D0327BECC4400D59E0C /* MainViewController.swift */,
			);
			path = Scene;
			sourceTree = "<group>";
		};
		6BC48D2827BFF1A200D59E0C /* Service */ = {
			isa = PBXGroup;
			children = (
				6BC48D1927BECD7900D59E0C /* FetchWeatherData.swift */,
			);
			path = Service;
			sourceTree = "<group>";
		};
		6BC48D2927BFF1A800D59E0C /* Model */ = {
			isa = PBXGroup;
			children = (
				6BC48D1B27BECE1500D59E0C /* Weather.swift */,
			);
			path = Model;
			sourceTree = "<group>";
		};
		6BC48D2A27BFF1CC00D59E0C /* Support */ = {
			isa = PBXGroup;
			children = (
				6BC48CFF27BECC4400D59E0C /* AppDelegate.swift */,
				6BC48D0127BECC4400D59E0C /* SceneDelegate.swift */,
			);
			path = Support;
			sourceTree = "<group>";
		};
/* End PBXGroup section */

/* Begin PBXNativeTarget section */
		6BC48CFB27BECC4400D59E0C /* WeatherApp */ = {
			isa = PBXNativeTarget;
			buildConfigurationList = 6BC48D1027BECC4500D59E0C /* Build configuration list for PBXNativeTarget "WeatherApp" */;
			buildPhases = (
				6BC48CF827BECC4400D59E0C /* Sources */,
				6BC48CF927BECC4400D59E0C /* Frameworks */,
				6BC48CFA27BECC4400D59E0C /* Resources */,
			);
			buildRules = (
			);
			dependencies = (
			);
			name = WeatherApp;
			packageProductDependencies = (
				6BC48D1427BECCB600D59E0C /* SnapKit */,
				6BC48D1727BECCC800D59E0C /* Alamofire */,
				6BC48D1E27BEDF7500D59E0C /* Kingfisher */,
			);
			productName = WeatherApp;
			productReference = 6BC48CFC27BECC4400D59E0C /* WeatherApp.app */;
			productType = "com.apple.product-type.application";
		};
/* End PBXNativeTarget section */

/* Begin PBXProject section */
		6BC48CF427BECC4400D59E0C /* Project object */ = {
			isa = PBXProject;
			attributes = {
				BuildIndependentTargetsInParallel = 1;
				LastSwiftUpdateCheck = 1320;
				LastUpgradeCheck = 1320;
				TargetAttributes = {
					6BC48CFB27BECC4400D59E0C = {
						CreatedOnToolsVersion = 13.2;
					};
				};
			};
			buildConfigurationList = 6BC48CF727BECC4400D59E0C /* Build configuration list for PBXProject "WeatherApp" */;
			compatibilityVersion = "Xcode 13.0";
			developmentRegion = en;
			hasScannedForEncodings = 0;
			knownRegions = (
				en,
				Base,
			);
			mainGroup = 6BC48CF327BECC4400D59E0C;
			packageReferences = (
				6BC48D1327BECCB600D59E0C /* XCRemoteSwiftPackageReference "SnapKit" */,
				6BC48D1627BECCC800D59E0C /* XCRemoteSwiftPackageReference "Alamofire" */,
				6BC48D1D27BEDF7500D59E0C /* XCRemoteSwiftPackageReference "Kingfisher" */,
			);
			productRefGroup = 6BC48CFD27BECC4400D59E0C /* Products */;
			projectDirPath = "";
			projectRoot = "";
			targets = (
				6BC48CFB27BECC4400D59E0C /* WeatherApp */,
			);
		};
/* End PBXProject section */

/* Begin PBXResourcesBuildPhase section */
		6BC48CFA27BECC4400D59E0C /* Resources */ = {
			isa = PBXResourcesBuildPhase;
			buildActionMask = 2147483647;
			files = (
				6BC48D0C27BECC4500D59E0C /* LaunchScreen.storyboard in Resources */,
				6BC48D0927BECC4500D59E0C /* Assets.xcassets in Resources */,
			);
			runOnlyForDeploymentPostprocessing = 0;
		};
/* End PBXResourcesBuildPhase section */

/* Begin PBXSourcesBuildPhase section */
		6BC48CF827BECC4400D59E0C /* Sources */ = {
			isa = PBXSourcesBuildPhase;
			buildActionMask = 2147483647;
			files = (
				6BC48D0427BECC4400D59E0C /* MainViewController.swift in Sources */,
				6BC48D1A27BECD7900D59E0C /* FetchWeatherData.swift in Sources */,
				6BC48D0027BECC4400D59E0C /* AppDelegate.swift in Sources */,
				6BC48D0227BECC4400D59E0C /* SceneDelegate.swift in Sources */,
				6BC48D1C27BECE1500D59E0C /* Weather.swift in Sources */,
			);
			runOnlyForDeploymentPostprocessing = 0;
		};
/* End PBXSourcesBuildPhase section */

/* Begin PBXVariantGroup section */
		6BC48D0A27BECC4500D59E0C /* LaunchScreen.storyboard */ = {
			isa = PBXVariantGroup;
			children = (
				6BC48D0B27BECC4500D59E0C /* Base */,
			);
			name = LaunchScreen.storyboard;
			sourceTree = "<group>";
		};
/* End PBXVariantGroup section */

/* Begin XCBuildConfiguration section */
		6BC48D0E27BECC4500D59E0C /* Debug */ = {
			isa = XCBuildConfiguration;
			buildSettings = {
				ALWAYS_SEARCH_USER_PATHS = NO;
				CLANG_ANALYZER_NONNULL = YES;
				CLANG_ANALYZER_NUMBER_OBJECT_CONVERSION = YES_AGGRESSIVE;
				CLANG_CXX_LANGUAGE_STANDARD = "gnu++17";
				CLANG_CXX_LIBRARY = "libc++";
				CLANG_ENABLE_MODULES = YES;
				CLANG_ENABLE_OBJC_ARC = YES;
				CLANG_ENABLE_OBJC_WEAK = YES;
				CLANG_WARN_BLOCK_CAPTURE_AUTORELEASING = YES;
				CLANG_WARN_BOOL_CONVERSION = YES;
				CLANG_WARN_COMMA = YES;
				CLANG_WARN_CONSTANT_CONVERSION = YES;
				CLANG_WARN_DEPRECATED_OBJC_IMPLEMENTATIONS = YES;
				CLANG_WARN_DIRECT_OBJC_ISA_USAGE = YES_ERROR;
				CLANG_WARN_DOCUMENTATION_COMMENTS = YES;
				CLANG_WARN_EMPTY_BODY = YES;
				CLANG_WARN_ENUM_CONVERSION = YES;
				CLANG_WARN_INFINITE_RECURSION = YES;
				CLANG_WARN_INT_CONVERSION = YES;
				CLANG_WARN_NON_LITERAL_NULL_CONVERSION = YES;
				CLANG_WARN_OBJC_IMPLICIT_RETAIN_SELF = YES;
				CLANG_WARN_OBJC_LITERAL_CONVERSION = YES;
				CLANG_WARN_OBJC_ROOT_CLASS = YES_ERROR;
				CLANG_WARN_QUOTED_INCLUDE_IN_FRAMEWORK_HEADER = YES;
				CLANG_WARN_RANGE_LOOP_ANALYSIS = YES;
				CLANG_WARN_STRICT_PROTOTYPES = YES;
				CLANG_WARN_SUSPICIOUS_MOVE = YES;
				CLANG_WARN_UNGUARDED_AVAILABILITY = YES_AGGRESSIVE;
				CLANG_WARN_UNREACHABLE_CODE = YES;
				CLANG_WARN__DUPLICATE_METHOD_MATCH = YES;
				COPY_PHASE_STRIP = NO;
				DEBUG_INFORMATION_FORMAT = dwarf;
				ENABLE_STRICT_OBJC_MSGSEND = YES;
				ENABLE_TESTABILITY = YES;
				GCC_C_LANGUAGE_STANDARD = gnu11;
				GCC_DYNAMIC_NO_PIC = NO;
				GCC_NO_COMMON_BLOCKS = YES;
				GCC_OPTIMIZATION_LEVEL = 0;
				GCC_PREPROCESSOR_DEFINITIONS = (
					"DEBUG=1",
					"$(inherited)",
				);
				GCC_WARN_64_TO_32_BIT_CONVERSION = YES;
				GCC_WARN_ABOUT_RETURN_TYPE = YES_ERROR;
				GCC_WARN_UNDECLARED_SELECTOR = YES;
				GCC_WARN_UNINITIALIZED_AUTOS = YES_AGGRESSIVE;
				GCC_WARN_UNUSED_FUNCTION = YES;
				GCC_WARN_UNUSED_VARIABLE = YES;
				IPHONEOS_DEPLOYMENT_TARGET = 15.2;
				MTL_ENABLE_DEBUG_INFO = INCLUDE_SOURCE;
				MTL_FAST_MATH = YES;
				ONLY_ACTIVE_ARCH = YES;
				SDKROOT = iphoneos;
				SWIFT_ACTIVE_COMPILATION_CONDITIONS = DEBUG;
				SWIFT_OPTIMIZATION_LEVEL = "-Onone";
			};
			name = Debug;
		};
		6BC48D0F27BECC4500D59E0C /* Release */ = {
			isa = XCBuildConfiguration;
			buildSettings = {
				ALWAYS_SEARCH_USER_PATHS = NO;
				CLANG_ANALYZER_NONNULL = YES;
				CLANG_ANALYZER_NUMBER_OBJECT_CONVERSION = YES_AGGRESSIVE;
				CLANG_CXX_LANGUAGE_STANDARD = "gnu++17";
				CLANG_CXX_LIBRARY = "libc++";
				CLANG_ENABLE_MODULES = YES;
				CLANG_ENABLE_OBJC_ARC = YES;
				CLANG_ENABLE_OBJC_WEAK = YES;
				CLANG_WARN_BLOCK_CAPTURE_AUTORELEASING = YES;
				CLANG_WARN_BOOL_CONVERSION = YES;
				CLANG_WARN_COMMA = YES;
				CLANG_WARN_CONSTANT_CONVERSION = YES;
				CLANG_WARN_DEPRECATED_OBJC_IMPLEMENTATIONS = YES;
				CLANG_WARN_DIRECT_OBJC_ISA_USAGE = YES_ERROR;
				CLANG_WARN_DOCUMENTATION_COMMENTS = YES;
				CLANG_WARN_EMPTY_BODY = YES;
				CLANG_WARN_ENUM_CONVERSION = YES;
				CLANG_WARN_INFINITE_RECURSION = YES;
				CLANG_WARN_INT_CONVERSION = YES;
				CLANG_WARN_NON_LITERAL_NULL_CONVERSION = YES;
				CLANG_WARN_OBJC_IMPLICIT_RETAIN_SELF = YES;
				CLANG_WARN_OBJC_LITERAL_CONVERSION = YES;
				CLANG_WARN_OBJC_ROOT_CLASS = YES_ERROR;
				CLANG_WARN_QUOTED_INCLUDE_IN_FRAMEWORK_HEADER = YES;
				CLANG_WARN_RANGE_LOOP_ANALYSIS = YES;
				CLANG_WARN_STRICT_PROTOTYPES = YES;
				CLANG_WARN_SUSPICIOUS_MOVE = YES;
				CLANG_WARN_UNGUARDED_AVAILABILITY = YES_AGGRESSIVE;
				CLANG_WARN_UNREACHABLE_CODE = YES;
				CLANG_WARN__DUPLICATE_METHOD_MATCH = YES;
				COPY_PHASE_STRIP = NO;
				DEBUG_INFORMATION_FORMAT = "dwarf-with-dsym";
				ENABLE_NS_ASSERTIONS = NO;
				ENABLE_STRICT_OBJC_MSGSEND = YES;
				GCC_C_LANGUAGE_STANDARD = gnu11;
				GCC_NO_COMMON_BLOCKS = YES;
				GCC_WARN_64_TO_32_BIT_CONVERSION = YES;
				GCC_WARN_ABOUT_RETURN_TYPE = YES_ERROR;
				GCC_WARN_UNDECLARED_SELECTOR = YES;
				GCC_WARN_UNINITIALIZED_AUTOS = YES_AGGRESSIVE;
				GCC_WARN_UNUSED_FUNCTION = YES;
				GCC_WARN_UNUSED_VARIABLE = YES;
				IPHONEOS_DEPLOYMENT_TARGET = 15.2;
				MTL_ENABLE_DEBUG_INFO = NO;
				MTL_FAST_MATH = YES;
				SDKROOT = iphoneos;
				SWIFT_COMPILATION_MODE = wholemodule;
				SWIFT_OPTIMIZATION_LEVEL = "-O";
				VALIDATE_PRODUCT = YES;
			};
			name = Release;
		};
		6BC48D1127BECC4500D59E0C /* Debug */ = {
			isa = XCBuildConfiguration;
			buildSettings = {
				ASSETCATALOG_COMPILER_APPICON_NAME = AppIcon;
				ASSETCATALOG_COMPILER_GLOBAL_ACCENT_COLOR_NAME = AccentColor;
				CODE_SIGN_STYLE = Automatic;
				CURRENT_PROJECT_VERSION = 1;
				DEVELOPMENT_TEAM = TB9WF4459Q;
				GENERATE_INFOPLIST_FILE = YES;
				INFOPLIST_FILE = WeatherApp/Info.plist;
				INFOPLIST_KEY_UIApplicationSupportsIndirectInputEvents = YES;
				INFOPLIST_KEY_UILaunchStoryboardName = LaunchScreen;
				INFOPLIST_KEY_UISupportedInterfaceOrientations_iPad = "UIInterfaceOrientationPortrait UIInterfaceOrientationPortraitUpsideDown UIInterfaceOrientationLandscapeLeft UIInterfaceOrientationLandscapeRight";
				INFOPLIST_KEY_UISupportedInterfaceOrientations_iPhone = "UIInterfaceOrientationPortrait UIInterfaceOrientationLandscapeLeft UIInterfaceOrientationLandscapeRight";
				LD_RUNPATH_SEARCH_PATHS = (
					"$(inherited)",
					"@executable_path/Frameworks",
				);
				MARKETING_VERSION = 1.0;
				PRODUCT_BUNDLE_IDENTIFIER = cobugi.WeatherApp;
				PRODUCT_NAME = "$(TARGET_NAME)";
				SWIFT_EMIT_LOC_STRINGS = YES;
				SWIFT_VERSION = 5.0;
				TARGETED_DEVICE_FAMILY = "1,2";
			};
			name = Debug;
		};
		6BC48D1227BECC4500D59E0C /* Release */ = {
			isa = XCBuildConfiguration;
			buildSettings = {
				ASSETCATALOG_COMPILER_APPICON_NAME = AppIcon;
				ASSETCATALOG_COMPILER_GLOBAL_ACCENT_COLOR_NAME = AccentColor;
				CODE_SIGN_STYLE = Automatic;
				CURRENT_PROJECT_VERSION = 1;
				DEVELOPMENT_TEAM = TB9WF4459Q;
				GENERATE_INFOPLIST_FILE = YES;
				INFOPLIST_FILE = WeatherApp/Info.plist;
				INFOPLIST_KEY_UIApplicationSupportsIndirectInputEvents = YES;
				INFOPLIST_KEY_UILaunchStoryboardName = LaunchScreen;
				INFOPLIST_KEY_UISupportedInterfaceOrientations_iPad = "UIInterfaceOrientationPortrait UIInterfaceOrientationPortraitUpsideDown UIInterfaceOrientationLandscapeLeft UIInterfaceOrientationLandscapeRight";
				INFOPLIST_KEY_UISupportedInterfaceOrientations_iPhone = "UIInterfaceOrientationPortrait UIInterfaceOrientationLandscapeLeft UIInterfaceOrientationLandscapeRight";
				LD_RUNPATH_SEARCH_PATHS = (
					"$(inherited)",
					"@executable_path/Frameworks",
				);
				MARKETING_VERSION = 1.0;
				PRODUCT_BUNDLE_IDENTIFIER = cobugi.WeatherApp;
				PRODUCT_NAME = "$(TARGET_NAME)";
				SWIFT_EMIT_LOC_STRINGS = YES;
				SWIFT_VERSION = 5.0;
				TARGETED_DEVICE_FAMILY = "1,2";
			};
			name = Release;
		};
/* End XCBuildConfiguration section */

/* Begin XCConfigurationList section */
		6BC48CF727BECC4400D59E0C /* Build configuration list for PBXProject "WeatherApp" */ = {
			isa = XCConfigurationList;
			buildConfigurations = (
				6BC48D0E27BECC4500D59E0C /* Debug */,
				6BC48D0F27BECC4500D59E0C /* Release */,
			);
			defaultConfigurationIsVisible = 0;
			defaultConfigurationName = Release;
		};
		6BC48D1027BECC4500D59E0C /* Build configuration list for PBXNativeTarget "WeatherApp" */ = {
			isa = XCConfigurationList;
			buildConfigurations = (
				6BC48D1127BECC4500D59E0C /* Debug */,
				6BC48D1227BECC4500D59E0C /* Release */,
			);
			defaultConfigurationIsVisible = 0;
			defaultConfigurationName = Release;
		};
/* End XCConfigurationList section */

/* Begin XCRemoteSwiftPackageReference section */
		6BC48D1327BECCB600D59E0C /* XCRemoteSwiftPackageReference "SnapKit" */ = {
			isa = XCRemoteSwiftPackageReference;
			repositoryURL = "https://github.com/SnapKit/SnapKit.git";
			requirement = {
				kind = upToNextMajorVersion;
				minimumVersion = 5.0.0;
			};
		};
		6BC48D1627BECCC800D59E0C /* XCRemoteSwiftPackageReference "Alamofire" */ = {
			isa = XCRemoteSwiftPackageReference;
			repositoryURL = "https://github.com/Alamofire/Alamofire.git";
			requirement = {
				kind = upToNextMajorVersion;
				minimumVersion = 5.0.0;
			};
		};
		6BC48D1D27BEDF7500D59E0C /* XCRemoteSwiftPackageReference "Kingfisher" */ = {
			isa = XCRemoteSwiftPackageReference;
			repositoryURL = "https://github.com/onevcat/Kingfisher.git";
			requirement = {
				kind = upToNextMajorVersion;
				minimumVersion = 7.0.0;
			};
		};
/* End XCRemoteSwiftPackageReference section */

/* Begin XCSwiftPackageProductDependency section */
		6BC48D1427BECCB600D59E0C /* SnapKit */ = {
			isa = XCSwiftPackageProductDependency;
			package = 6BC48D1327BECCB600D59E0C /* XCRemoteSwiftPackageReference "SnapKit" */;
			productName = SnapKit;
		};
		6BC48D1727BECCC800D59E0C /* Alamofire */ = {
			isa = XCSwiftPackageProductDependency;
			package = 6BC48D1627BECCC800D59E0C /* XCRemoteSwiftPackageReference "Alamofire" */;
			productName = Alamofire;
		};
		6BC48D1E27BEDF7500D59E0C /* Kingfisher */ = {
			isa = XCSwiftPackageProductDependency;
			package = 6BC48D1D27BEDF7500D59E0C /* XCRemoteSwiftPackageReference "Kingfisher" */;
			productName = Kingfisher;
		};
/* End XCSwiftPackageProductDependency section */
	};
	rootObject = 6BC48CF427BECC4400D59E0C /* Project object */;
}
